{
  "pins" : [
    {
      "identity" : "map-ios-sdk",
      "kind" : "remoteSourceControl",
      "location" : "https://github.com/nhatpham0301/map-ios-sdk.git",
      "state" : {
        "branch" : "main",
        "revision" : "23d776029799e2e246593fa03cc7e5e5817d3e28"
      }
    }
  ],
  "version" : 2
}
